
Microsoft Visual Studio Solution File, Format Version 12.00
# Visual Studio Version 16
VisualStudioVersion = 16.0.29905.134
MinimumVisualStudioVersion = 10.0.40219.1
Project("{FAE04EC0-301F-11D3-BF4B-00C04F79EFBC}") = "BlazorWebAsmEasyAuth", "BlazorWebAsmEasyAuth\BlazorWebAsmEasyAuth.csproj", "{8B1C4A4F-D31A-4FC9-9AF6-24387AB1E57F}"
EndProject
Global
	GlobalSection(SolutionConfigurationPlatforms) = preSolution
		Debug|Any CPU = Debug|Any CPU
		Release|Any CPU = Release|Any CPU
	EndGlobalSection
	GlobalSection(ProjectConfigurationPlatforms) = postSolution
		{8B1C4A4F-D31A-4FC9-9AF6-24387AB1E57F}.Debug|Any CPU.ActiveCfg = Debug|Any CPU
		{8B1C4A4F-D31A-4FC9-9AF6-24387AB1E57F}.Debug|Any CPU.Build.0 = Debug|Any CPU
		{8B1C4A4F-D31A-4FC9-9AF6-24387AB1E57F}.Release|Any CPU.ActiveCfg = Release|Any CPU
		{8B1C4A4F-D31A-4FC9-9AF6-24387AB1E57F}.Release|Any CPU.Build.0 = Release|Any CPU
	EndGlobalSection
	GlobalSection(SolutionProperties) = preSolution
		HideSolutionNode = FALSE
	EndGlobalSection
	GlobalSection(ExtensibilityGlobals) = postSolution
		SolutionGuid = {18C23624-8871-4616-9977-FFB653813F29}
	EndGlobalSection
EndGlobal
